PODS:
  - Flutter (1.0.0)
  - flutter_local_notifications (0.0.1):
    - Flutter
  - flutter_tts (0.0.1):
    - Flutter
  - google_mlkit_commons (0.6.1):
    - Flutter
    - MLKitVision
  - google_mlkit_pose_detection (0.10.0):
    - Flutter
    - google_mlkit_commons
    - GoogleMLKit/PoseDetection (~> 4.0.0)
    - GoogleMLKit/PoseDetectionAccurate (~> 4.0.0)
  - GoogleDataTransport (9.4.1):
    - GoogleUtilities/Environment (~> 7.7)
    - nanopb (< 2.30911.0, >= 2.30908.0)
    - PromisesObjC (< 3.0, >= 1.2)
  - GoogleMLKit/MLKitCore (4.0.0):
    - MLKitCommon (~> 9.0.0)
  - GoogleMLKit/PoseDetection (4.0.0):
    - GoogleMLKit/MLKitCore
    - MLKitPoseDetection (~> 1.0.0-beta11)
  - GoogleMLKit/PoseDetectionAccurate (4.0.0):
    - GoogleMLKit/MLKitCore
    - MLKitPoseDetectionAccurate (~> 1.0.0-beta11)
  - GoogleToolboxForMac/DebugUtils (2.3.2):
    - GoogleToolboxForMac/Defines (= 2.3.2)
  - GoogleToolboxForMac/Defines (2.3.2)
  - GoogleToolboxForMac/Logger (2.3.2):
    - GoogleToolboxForMac/Defines (= 2.3.2)
  - "GoogleToolboxForMac/NSData+zlib (2.3.2)":
    - GoogleToolboxForMac/Defines (= 2.3.2)
  - "GoogleToolboxForMac/NSDictionary+URLArguments (2.3.2)":
    - GoogleToolboxForMac/DebugUtils (= 2.3.2)
    - GoogleToolboxForMac/Defines (= 2.3.2)
    - "GoogleToolboxForMac/NSString+URLArguments (= 2.3.2)"
  - "GoogleToolboxForMac/NSString+URLArguments (2.3.2)"
  - GoogleUtilities/Environment (7.13.3):
    - GoogleUtilities/Privacy
    - PromisesObjC (< 3.0, >= 1.2)
  - GoogleUtilities/Logger (7.13.3):
    - GoogleUtilities/Environment
    - GoogleUtilities/Privacy
  - GoogleUtilities/Privacy (7.13.3)
  - GoogleUtilities/UserDefaults (7.13.3):
    - GoogleUtilities/Logger
    - GoogleUtilities/Privacy
  - GoogleUtilitiesComponents (1.1.0):
    - GoogleUtilities/Logger
  - GTMSessionFetcher/Core (2.3.0)
  - keep_screen_on (3.0.0):
    - Flutter
  - MLImage (1.0.0-beta4)
  - MLKitCommon (9.0.0):
    - GoogleDataTransport (~> 9.0)
    - GoogleToolboxForMac/Logger (~> 2.1)
    - "GoogleToolboxForMac/NSData+zlib (~> 2.1)"
    - "GoogleToolboxForMac/NSDictionary+URLArguments (~> 2.1)"
    - GoogleUtilities/UserDefaults (~> 7.0)
    - GoogleUtilitiesComponents (~> 1.0)
    - GTMSessionFetcher/Core (< 3.0, >= 1.1)
  - MLKitPoseDetection (1.0.0-beta11):
    - MLKitCommon (~> 9.0)
    - MLKitPoseDetectionCommon (= 1.0.0-beta11)
    - MLKitXenoCommon (= 1.0.0-beta11)
  - MLKitPoseDetectionAccurate (1.0.0-beta11):
    - MLKitCommon (~> 9.0)
    - MLKitPoseDetectionCommon (= 1.0.0-beta11)
    - MLKitXenoCommon (= 1.0.0-beta11)
  - MLKitPoseDetectionCommon (1.0.0-beta11):
    - MLKitCommon (~> 9.0)
    - MLKitXenoCommon (= 1.0.0-beta11)
  - MLKitVision (5.0.0):
    - GoogleToolboxForMac/Logger (~> 2.1)
    - "GoogleToolboxForMac/NSData+zlib (~> 2.1)"
    - GTMSessionFetcher/Core (< 3.0, >= 1.1)
    - MLImage (= 1.0.0-beta4)
    - MLKitCommon (~> 9.0)
  - MLKitXenoCommon (1.0.0-beta11):
    - MLKitCommon (~> 9.0)
    - MLKitVision (~> 5.0)
  - nanopb (2.30910.0):
    - nanopb/decode (= 2.30910.0)
    - nanopb/encode (= 2.30910.0)
  - nanopb/decode (2.30910.0)
  - nanopb/encode (2.30910.0)
  - PromisesObjC (2.4.1)

DEPENDENCIES:
  - Flutter (from `Flutter`)
  - flutter_local_notifications (from `.symlinks/plugins/flutter_local_notifications/ios`)
  - flutter_tts (from `.symlinks/plugins/flutter_tts/ios`)
  - google_mlkit_commons (from `.symlinks/plugins/google_mlkit_commons/ios`)
  - google_mlkit_pose_detection (from `.symlinks/plugins/google_mlkit_pose_detection/ios`)
  - keep_screen_on (from `.symlinks/plugins/keep_screen_on/ios`)

SPEC REPOS:
  trunk:
    - GoogleDataTransport
    - GoogleMLKit
    - GoogleToolboxForMac
    - GoogleUtilities
    - GoogleUtilitiesComponents
    - GTMSessionFetcher
    - MLImage
    - MLKitCommon
    - MLKitPoseDetection
    - MLKitPoseDetectionAccurate
    - MLKitPoseDetectionCommon
    - MLKitVision
    - MLKitXenoCommon
    - nanopb
    - PromisesObjC

EXTERNAL SOURCES:
  Flutter:
    :path: Flutter
  flutter_local_notifications:
    :path: ".symlinks/plugins/flutter_local_notifications/ios"
  flutter_tts:
    :path: ".symlinks/plugins/flutter_tts/ios"
  google_mlkit_commons:
    :path: ".symlinks/plugins/google_mlkit_commons/ios"
  google_mlkit_pose_detection:
    :path: ".symlinks/plugins/google_mlkit_pose_detection/ios"
  keep_screen_on:
    :path: ".symlinks/plugins/keep_screen_on/ios"

SPEC CHECKSUMS:
  Flutter: cabc95a1d2626b1b06e7179b784ebcf0c0cde467
  flutter_local_notifications: ad39620c743ea4c15127860f4b5641649a988100
  flutter_tts: 35ac3c7d42412733e795ea96ad2d7e05d0a75113
  google_mlkit_commons: f27386da2a4d88eb7c56b4dd38dfcf61d9257d57
  google_mlkit_pose_detection: 912733bc192164cb143978d420887463cc15e5bb
  GoogleDataTransport: 6c09b596d841063d76d4288cc2d2f42cc36e1e2a
  GoogleMLKit: 2bd0dc6253c4d4f227aad460f69215a504b2980e
  GoogleToolboxForMac: 8bef7c7c5cf7291c687cf5354f39f9db6399ad34
  GoogleUtilities: ea963c370a38a8069cc5f7ba4ca849a60b6d7d15
  GoogleUtilitiesComponents: 679b2c881db3b615a2777504623df6122dd20afe
  GTMSessionFetcher: 3a63d75eecd6aa32c2fc79f578064e1214dfdec2
  keep_screen_on: b1893d24b0b061626c1d3cb051bb252f0a4110ad
  MLImage: 7bb7c4264164ade9bf64f679b40fb29c8f33ee9b
  MLKitCommon: c1b791c3e667091918d91bda4bba69a91011e390
  MLKitPoseDetection: 7df599f3ea9a6deb11d88ebd295ed0051e0a6b1e
  MLKitPoseDetectionAccurate: bc80b1cf36f188149ef542dce7d9971a55e0212a
  MLKitPoseDetectionCommon: ffc8cc7c3138b1eafbf888c794388a8c77b811c6
  MLKitVision: 8baa5f46ee3352614169b85250574fde38c36f49
  MLKitXenoCommon: 9fbc49cbaf44767693aac1bce4d866020e089d55
  nanopb: 438bc412db1928dac798aa6fd75726007be04262
  PromisesObjC: 752c3227f599e3467650e47ea36f433eeb10c273

PODFILE CHECKSUM: caddc89769e93c50549ea3a7e2e623d96f6dc678

COCOAPODS: 1.17.0
